[renv]
Version=0.5.0-82

[R]
Version=3.6.0
Repositories=
	CRAN=https://cloud.r-project.org

[R/Package/BH]
Package=BH
Version=1.69.0-1
Source=CRAN
Hash=88e64b38758666b85d283617231bb766

[R/Package/DT]
Package=DT
Version=0.5
Source=CRAN
Hash=d600441db31e421ba56340232a82f8fb

[R/Package/ISOcodes]
Package=ISOcodes
Version=2018.06.29
Source=CRAN
Hash=325a72def9f484c8c671bb57e8adfe87

[R/Package/MASS]
Package=MASS
Version=7.3-51.4
Source=CRAN
Hash=a670f645948409d325eddb0b199ed968

[R/Package/Matrix]
Package=Matrix
Version=1.2-17
Source=CRAN
Hash=b2eae6a1a2e206ecc478f3ff9dc98a5e

[R/Package/R6]
Package=R6
Version=2.4.0
Source=CRAN
Hash=d42941d973f7f28b32f694bc89fb9d5f

[R/Package/RColorBrewer]
Package=RColorBrewer
Version=1.1-2
Source=CRAN
Hash=cdfb92174501c241a0d4e13fcac600a4

[R/Package/Rcpp]
Package=Rcpp
Version=1.0.1
Source=CRAN
RemoteType=standard
RemoteRef=Rcpp
RemoteRepos=https://cloud.r-project.org
RemotePkgType=source
RemoteSha=1.0.1
Hash=542a8dbcf371718e4dee591341d28c43

[R/Package/SnowballC]
Package=SnowballC
Version=0.5.1
Source=CRAN
Hash=2e2fdea41471ff34ba07ea9e530148bb

[R/Package/askpass]
Package=askpass
Version=1.1
Source=CRAN
Hash=ff8e30ba3e542c07372fca6de28bce3b

[R/Package/assertthat]
Package=assertthat
Version=0.2.1
Source=CRAN
Hash=263effaa484b1dc3013cf1c1e8f6624e

[R/Package/backports]
Package=backports
Version=1.1.4
Source=CRAN
Hash=8f863a45c5b6c9ccd5a71988138a48c2

[R/Package/base64enc]
Package=base64enc
Version=0.1-3
Source=CRAN
Hash=eec0d710cee1455ba24eb6ab622a60e9

[R/Package/brew]
Package=brew
Version=1.0-6
Source=CRAN
Hash=329122d89df869b70ed9bbd7ed7d4412

[R/Package/broom]
Package=broom
Version=0.5.1
Source=CRAN
Hash=3bca7469a0ceb6f5717f3cb8e641d39c

[R/Package/callr]
Package=callr
Version=3.1.1
Source=CRAN
Hash=383a4f023c2eb51d146f48762f6b79dd

[R/Package/cellranger]
Package=cellranger
Version=1.1.0
Source=CRAN
Hash=a6279d19fb8783f899f8dc3edb9a71b0

[R/Package/cli]
Package=cli
Version=1.1.0
Source=CRAN
Hash=c0a5f242aa2259cf7e40da04bb89f5d8

[R/Package/clipr]
Package=clipr
Version=0.6.0
Source=CRAN
Hash=b5c8e6072ef59bb5d2e755f4b249dae0

[R/Package/clisymbols]
Package=clisymbols
Version=1.2.0
Source=CRAN
Hash=e4438538e94e5fda0c2950f0e6fd2a33

[R/Package/codetools]
Package=codetools
Version=0.2-16
Source=CRAN
Hash=d1cc4ab8f6b77d181a630244a5994df5

[R/Package/colorspace]
Package=colorspace
Version=1.4-1
Source=CRAN
Hash=70941d6476af18c149b5b6916f87a7c5

[R/Package/commonmark]
Package=commonmark
Version=1.7
Source=CRAN
Hash=f205e54c8f197c698143596b4aaaaac1

[R/Package/crayon]
Package=crayon
Version=1.3.4
Source=CRAN
Hash=1e93bda8f2b60a0defc85c82a39e2891

[R/Package/crosstalk]
Package=crosstalk
Version=1.0.0
Source=CRAN
Hash=751f5746f428e5c0e453a53dac3c85af

[R/Package/curl]
Package=curl
Version=3.3
Source=CRAN
Hash=921ecc2db7bca3844daaec11fce12e76

[R/Package/data.table]
Package=data.table
Version=1.12.0
Source=CRAN
Hash=ef7b3b945b5c73b39ac5a198b8b20e7b

[R/Package/desc]
Package=desc
Version=1.2.0
Source=CRAN
Hash=fefdea6ff2d34eb3ea0f15f58262e0f1

[R/Package/devtools]
Package=devtools
Version=2.0.1
Source=CRAN
Hash=e5e7b6fe9729d1f5c9d0a8bea790309a

[R/Package/digest]
Package=digest
Version=0.6.20
Source=CRAN
Hash=ee526dc5fbf649c15ce452a474543a4c

[R/Package/docopt]
Package=docopt
Version=0.6.1
Source=CRAN
Hash=461f9f6230db69fdef42dede7fba7431

[R/Package/dplyr]
Package=dplyr
Version=0.8.3
Source=CRAN
Hash=6f5a4e8bdf605cba24dc821dea934dd3

[R/Package/ellipsis]
Package=ellipsis
Version=0.2.0.1
Source=CRAN
Hash=0ea3ff470edcd75e63d62f2a140574eb

[R/Package/emo]
Package=emo
Version=0.0.0.9000
Source=GitHub
Remotes=tidyverse/glue
RemoteType=github
RemoteHost=api.github.com
RemoteRepo=emo
RemoteUsername=hadley
RemoteRef=master
RemoteSha=02a520689861c3354f7c6b575e309280b2a3a172
Hash=f5f1627d073539c81b90fe62c66ef70d

[R/Package/evaluate]
Package=evaluate
Version=0.14
Source=CRAN
Hash=ea89e41d97c0146c8f6bb068430a7e58

[R/Package/fansi]
Package=fansi
Version=0.4.0
Source=CRAN
Hash=7e8ca3a2d400cbdaf72a602e9833c920

[R/Package/filelock]
Package=filelock
Version=1.0.2
Source=CRAN
Hash=efcc2f912232d13b8119adb2a0e9c6db

[R/Package/forcats]
Package=forcats
Version=0.4.0
Source=CRAN
Hash=c5d5b0c24161479679cfbf94fba339f4

[R/Package/formatR]
Package=formatR
Version=1.7
Source=CRAN
Hash=f27fbdbf704b53eeda5e6b45bde7389d

[R/Package/fs]
Package=fs
Version=1.3.1
Source=CRAN
Hash=110467e48d2be4583fe18d7bdbbc3c54

[R/Package/furrr]
Package=furrr
Version=0.1.0
Source=CRAN
Hash=6d8cb5158b9a21ae86edb5e4437eb779

[R/Package/futile.logger]
Package=futile.logger
Version=1.4.3
Source=CRAN
Hash=47d622ab56b8a4125269bc4eb8da4831

[R/Package/futile.options]
Package=futile.options
Version=1.0.1
Source=CRAN
Hash=a367f38cb2a45f5182ff803a2c75452e

[R/Package/future]
Package=future
Version=1.14.0
Source=CRAN
Hash=4322e657b4f4b859b500a0f65a147d46

[R/Package/gathertweet]
Package=gathertweet
Version=0.0.1.9000
Source=GitHub
RemoteType=github
RemoteHost=api.github.com
RemoteRepo=gathertweet
RemoteUsername=gadenbuie
RemoteRef=master
RemoteSha=97058c381ce729926adbf0822bd688c2e78d38ca
Hash=629896773fbf9d6ca39924ab2bd00ac3

[R/Package/generics]
Package=generics
Version=0.0.2
Source=CRAN
Hash=c2a574a14f5f45a84ead80391c3075d6

[R/Package/ggplot2]
Package=ggplot2
Version=3.1.1
Source=CRAN
RemoteType=standard
RemoteRef=ggplot2
RemoteRepos=https://cloud.r-project.org
RemotePkgType=source
RemoteSha=3.1.1
Hash=4afc1cad89d1a1acc0ed18e69ae71323

[R/Package/gh]
Package=gh
Version=1.0.1
Source=CRAN
Hash=3e498375faca84a20b431a2df1ce23e9

[R/Package/git2r]
Package=git2r
Version=0.25.2
Source=CRAN
Hash=c209614aacf1f05ba6f15c8d5ab272dc

[R/Package/globals]
Package=globals
Version=0.12.4
Source=CRAN
Hash=c7f8a0458ed028c99565dc5727879961

[R/Package/glue]
Package=glue
Version=1.3.1
Source=CRAN
Hash=156f76da413ebe13f4d7e65ae6a5d19f

[R/Package/gtable]
Package=gtable
Version=0.3.0
Source=CRAN
Hash=120444406cc884baa3a2ff5c0566045b

[R/Package/here]
Package=here
Version=0.1
Source=CRAN
Hash=07f70da7018237a1c3ba8f455bdec18d

[R/Package/hexbin]
Package=hexbin
Version=1.27.2
Source=CRAN
Hash=76beb041336327e94d5fa2fe53b8d932

[R/Package/highr]
Package=highr
Version=0.8
Source=CRAN
Hash=2f5651aef7832e8eea60d3f3add2ffaa

[R/Package/hms]
Package=hms
Version=0.4.2
Source=CRAN
Hash=c1a7ac1b51eb0f5ef51a4ea256eb9cbe

[R/Package/htmltools]
Package=htmltools
Version=0.3.6
Source=CRAN
Hash=881e91b8b764a550de68ad18a98c05b5

[R/Package/htmlwidgets]
Package=htmlwidgets
Version=1.3
Source=CRAN
Hash=f9779405095eb05656a9aa75e62606cb

[R/Package/httpuv]
Package=httpuv
Version=1.5.1
Source=CRAN
Hash=8e337f2d75bda94fc57a21619f9249fa

[R/Package/httr]
Package=httr
Version=1.4.0
Source=CRAN
Hash=f5dc99b1972d4e9eaf6f5c452339db08

[R/Package/hunspell]
Package=hunspell
Version=3.0
Source=CRAN
Hash=3ed8741a41ee7ddda5f56b17db0159dc

[R/Package/ini]
Package=ini
Version=0.3.1
Source=CRAN
Hash=c476efce99f7ae2fde8301147283421a

[R/Package/janeaustenr]
Package=janeaustenr
Version=0.1.5
Source=CRAN
Hash=7214f55a011bab55bcd84a28885320a1

[R/Package/jsonlite]
Package=jsonlite
Version=1.6
Source=CRAN
Hash=9ec2b2fe0e874a66d0cb54d8ced5618e

[R/Package/knitr]
Package=knitr
Version=1.23
Source=CRAN
Hash=bff7fa162bfd010e8a16015bb5b310cf

[R/Package/labeling]
Package=labeling
Version=0.3
Source=CRAN
Hash=379ec196f3f3bb312727d52b022fa8f9

[R/Package/lambda.r]
Package=lambda.r
Version=1.2.3
Source=CRAN
Hash=3d7e0cd337464754026fd9643e95043a

[R/Package/later]
Package=later
Version=0.8.0
Source=CRAN
Hash=718545eb0b5b354929864914c818ae53

[R/Package/lattice]
Package=lattice
Version=0.20-38
Source=CRAN
RemoteType=standard
RemoteRef=lattice
RemoteRepos=https://cloud.r-project.org
RemotePkgType=source
RemoteSha=0.20-38
Hash=16dfe2407fe485b6a9fb098120008721

[R/Package/lazyeval]
Package=lazyeval
Version=0.2.2
Source=CRAN
Hash=8c343e48c3f58de2c70a641592abc0f1

[R/Package/listenv]
Package=listenv
Version=0.7.0
Source=CRAN
Hash=464940fcf3f2ca196c7cd808277bbf07

[R/Package/lubridate]
Package=lubridate
Version=1.7.4
Source=CRAN
Hash=4af93df0d50bb3919de67f36e7d3d00b

[R/Package/magrittr]
Package=magrittr
Version=1.5
Source=CRAN
Hash=cb6367fec3fd68ff41424fe9797b8eaf

[R/Package/markdown]
Package=markdown
Version=1.0
Source=CRAN
Hash=67c928a816f9de8491ed60282608b807

[R/Package/memoise]
Package=memoise
Version=1.1.0
Source=CRAN
Hash=84b2466117129ec55e85c8b3c5eae758

[R/Package/mgcv]
Package=mgcv
Version=1.8-28
Source=CRAN
Hash=7b78c0b314871340c4f56d38e6b66dd5

[R/Package/mime]
Package=mime
Version=0.7
Source=CRAN
Hash=054d829092f3869d99d1ac57e4fe21eb

[R/Package/munsell]
Package=munsell
Version=0.5.0
Source=CRAN
Hash=381047af4d6b44ca4d9285dbdea42434

[R/Package/nlme]
Package=nlme
Version=3.1-140
Source=CRAN
RemoteType=standard
RemoteRef=nlme
RemoteRepos=https://cloud.r-project.org
RemotePkgType=source
RemoteSha=3.1-140
Hash=fd36fd7954be6770cf36524f9a499557

[R/Package/openssl]
Package=openssl
Version=1.4
Source=CRAN
Hash=4557b03dff7c01f4e7cd10020b0667bc

[R/Package/pillar]
Package=pillar
Version=1.4.2
Source=CRAN
Hash=e77703ded3f52254363aa93a29be7b67

[R/Package/pkgbuild]
Package=pkgbuild
Version=1.0.2
Source=CRAN
Hash=bf18f1b7d92a8f9ace9858cd43a71cd6

[R/Package/pkgconfig]
Package=pkgconfig
Version=2.0.2
Source=CRAN
Hash=47f492c929356d52b15018b5827cf857

[R/Package/pkgload]
Package=pkgload
Version=1.0.2
Source=CRAN
Hash=83fbbb08dc4973debae54ac0e829f9bd

[R/Package/plogr]
Package=plogr
Version=0.2.0
Source=CRAN
Hash=4f3b95dcac0fc64e36666ac8e6430fc7

[R/Package/plotly]
Package=plotly
Version=4.9.0
Source=CRAN
Hash=d4fad358484c0d94f74bbecfe2fa657f

[R/Package/plyr]
Package=plyr
Version=1.8.4
Source=CRAN
Hash=48b2c2a9c4a504ea9167e9252fd9fade

[R/Package/prettyunits]
Package=prettyunits
Version=1.0.2
Source=CRAN
Hash=47d4646a3be22893c04093e8db164989

[R/Package/processx]
Package=processx
Version=3.2.1
Source=GitHub
RemoteType=github
RemoteHost=api.github.com
RemoteRepo=processx
RemoteUsername=r-lib
RemoteRef=master
RemoteSha=afbe71804245b343a438888fea4a272f01a88cef
Hash=67b9edc1675d0f0d4dcdf2d12924ceea

[R/Package/progress]
Package=progress
Version=1.2.2
Source=CRAN
Hash=819ec59e511e26ceed4ebdf272b6671f

[R/Package/promises]
Package=promises
Version=1.0.1
Source=CRAN
Hash=30a46ce3d9fe3958f266181f8c6f541f

[R/Package/ps]
Package=ps
Version=1.3.0
Source=CRAN
Hash=12c6a7e02239401d47599ddc44a484f4

[R/Package/purrr]
Package=purrr
Version=0.3.2
Source=CRAN
Hash=19767ff705a04566e2f396e15ccc1b39

[R/Package/rcmdcheck]
Package=rcmdcheck
Version=1.3.2
Source=CRAN
Hash=720c68cb34081ce67d0ee15214ba5ce9

[R/Package/readxl]
Package=readxl
Version=1.3.0
Source=CRAN
Hash=152ca268db9d5202556e72773a10d433

[R/Package/rematch]
Package=rematch
Version=1.0.1
Source=CRAN
Hash=d80f39f4db9c537a1def235969d648ea

[R/Package/remotes]
Package=remotes
Version=2.0.4
Source=CRAN
Hash=4307fc83f8156b4e56774d755b65185e

[R/Package/reshape2]
Package=reshape2
Version=1.4.3
Source=CRAN
Hash=a0b8854199dbfa29a71f514b3ffcddf0

[R/Package/rlang]
Package=rlang
Version=0.4.0
Source=CRAN
Hash=e48086a0605a981e1deb719711d4be63

[R/Package/roxygen2]
Package=roxygen2
Version=6.1.1
Source=CRAN
Hash=785db78ea5b54b787c60d8f237d92fa2

[R/Package/rprojroot]
Package=rprojroot
Version=1.3-2
Source=CRAN
Hash=75611db569353a873f987f858b6f06dd

[R/Package/rstudioapi]
Package=rstudioapi
Version=0.10.0-9000
Source=GitHub
RemoteType=github
RemoteHost=api.github.com
RemoteRepo=rstudioapi
RemoteUsername=rstudio
RemoteRef=master
RemoteSha=31d1afae14ea03abf6faa58bc2bf6b6c9f3c0519
Hash=d814136b45f713068eb8fb943f98523a

[R/Package/rtweet]
Package=rtweet
Version=0.6.9
Source=CRAN
Hash=1062211e1dc85ef6e1b6c91768d0dd10

[R/Package/scales]
Package=scales
Version=1.0.0
Source=CRAN
Hash=17cfbe1a4fcc8d0440a2af68d9e07bf4

[R/Package/sessioninfo]
Package=sessioninfo
Version=1.1.1
Source=CRAN
Hash=1261ec40b973735e3ae12329259479a8

[R/Package/shiny]
Package=shiny
Version=1.3.2
Source=CRAN
Hash=f7dd1b66cae0857dd3e07727d5eb7e29

[R/Package/shinyThings]
Package=shinyThings
Version=0.2.1
Source=GitHub
RemoteType=github
RemoteHost=api.github.com
RemoteRepo=shinyThings
RemoteUsername=gadenbuie
RemoteRef=2743329525c5a76d479
RemoteSha=2743329525c5a76d4798ff3acedb70db9562b64f
Hash=c8ec162dd1a6961959ccb6f53a597a58

[R/Package/shinycssloaders]
Package=shinycssloaders
Version=0.2.0
Source=CRAN
Hash=1edeeb85d732d2ab1f1cff7badbb394d

[R/Package/shinydashboard]
Package=shinydashboard
Version=0.7.1.8000
Source=GitHub
RemoteType=github
RemoteHost=api.github.com
RemoteRepo=shinydashboard
RemoteUsername=gadenbuie
RemoteRef=dev
RemoteSha=2dfe619d92193de2b0b1d74be48798f994ea882b
Hash=15de435302424b94e7587ef50f3d9eb7

[R/Package/shinyjs]
Package=shinyjs
Version=1.0
Source=CRAN
Hash=97940e42232d9d58bbe2caf3e8d612a2

[R/Package/sourcetools]
Package=sourcetools
Version=0.1.7
Source=CRAN
Hash=729278659af88ed36db42f46ccca0ebd

[R/Package/stopwords]
Package=stopwords
Version=0.9.0
Source=CRAN
Hash=2367ab4b685a93347b1f0950c6210ae9

[R/Package/stringi]
Package=stringi
Version=1.4.3
Source=CRAN
Hash=0472e71f2347e13cd398d5225ff3b0ea

[R/Package/stringr]
Package=stringr
Version=1.4.0
Source=CRAN
Hash=01fb6c8262ac804d9bafa60cea8773da

[R/Package/sys]
Package=sys
Version=3.2
Source=CRAN
Hash=22bf912f5ebfddff8992fdd4d01e9bb4

[R/Package/tibble]
Package=tibble
Version=2.1.3
Source=CRAN
Hash=b28f74376db8b145e247e29e20bb7deb

[R/Package/tidyr]
Package=tidyr
Version=0.8.3
Source=CRAN
Hash=d50a808d7d4c6ef63190fdcf452977ae

[R/Package/tidyselect]
Package=tidyselect
Version=0.2.5
Source=CRAN
Hash=66c1a6de7f98266b76503698f2ca111d

[R/Package/tidytext]
Package=tidytext
Version=0.2.1
Source=CRAN
Hash=4b4bd7a6e8ac3fd876f74c2e47991224

[R/Package/tokenizers]
Package=tokenizers
Version=0.2.1
Source=CRAN
Hash=7a9588260e9b00a5a758beef75fb9fe7

[R/Package/usethis]
Package=usethis
Version=1.5.0
Source=CRAN
Hash=bfec421104ac39bd55a37f0aa1577e01

[R/Package/utf8]
Package=utf8
Version=1.1.4
Source=CRAN
Hash=557d1cc1d7b4ff362db5990acc00f2a0

[R/Package/vctrs]
Package=vctrs
Version=0.2.0
Source=CRAN
Hash=eb2ec99368c838ffc1bff7ea427cdd2d

[R/Package/viridisLite]
Package=viridisLite
Version=0.3.0
Source=CRAN
Hash=e62dbc33079a4e2ff7429032f0e46efd

[R/Package/whisker]
Package=whisker
Version=0.3-2
Source=CRAN
Hash=1e74aefd2c67890f504a1fa2d0834d70

[R/Package/withr]
Package=withr
Version=2.1.2
Source=CRAN
Hash=ce9ffa6d865ecaf6a56cacc811565e07

[R/Package/xfun]
Package=xfun
Version=0.8
Source=CRAN
Hash=a99b2ef415122bd3b7a3719e42daa1e6

[R/Package/xml2]
Package=xml2
Version=1.2.0
Source=CRAN
Hash=fe28830040ea8a0cd9d41749b8f9f715

[R/Package/xopen]
Package=xopen
Version=1.0.0
Source=CRAN
Hash=a8fb8ee1d1a41595f44e5cce92cafa2d

[R/Package/xtable]
Package=xtable
Version=1.8-4
Source=CRAN
Hash=f0d359dd5e96d72ea5384d7194f54843

[R/Package/yaml]
Package=yaml
Version=2.2.0
Source=CRAN
Hash=e75dfa28ca59a73adfabf6899ce04472

[R/Package/zeallot]
Package=zeallot
Version=0.1.0
Source=CRAN
RemoteType=standard
RemoteRef=zeallot
RemoteRepos=https://cloud.r-project.org
RemotePkgType=source
RemoteSha=0.1.0
Hash=c33bb7353728bd4547a079b2c351a021

